PODS:
  - Alamofire (4.7.2)
  - Alamofire-Synchronous (4.0.0):
    - Alamofire (~> 4.0)
  - Charts (3.1.1):
    - Charts/Core (= 3.1.1)
  - Charts/Core (3.1.1)
  - SwiftyJSON (4.1.0)

DEPENDENCIES:
  - Alamofire (~> 4.7)
  - Alamofire-Synchronous (~> 4.0)
  - Charts
  - SwiftyJSON (~> 4.0)

SPEC REPOS:
  https://github.com/cocoapods/specs.git:
    - Alamofire
    - Alamofire-Synchronous
    - Charts
    - SwiftyJSON

SPEC CHECKSUMS:
  Alamofire: e4fa87002c137ba2d8d634d2c51fabcda0d5c223
  Alamofire-Synchronous: eedf1e6e961c3795a63c74990b3f7d9fbfac7e50
  Charts: 90a4d61da0f6e06684c591e3bcab11940fe61736
  SwiftyJSON: c29297daf073d2aa016295d5809cdd68045c39b3

PODFILE CHECKSUM: f56c14dd948d235ae386d11580f70e549368bfe5

COCOAPODS: 1.5.3
